
Microsoft Visual Studio Solution File, Format Version 12.00
# Visual Studio Version 16
VisualStudioVersion = 16.0.29424.173
MinimumVisualStudioVersion = 10.0.40219.1
Project("{FAE04EC0-301F-11D3-BF4B-00C04F79EFBC}") = "MoviesDB", "MoviesDB.csproj", "{3601200F-CFC3-4022-A91A-526BECFCB617}"
EndProject
Global
	GlobalSection(SolutionConfigurationPlatforms) = preSolution
		Debug|Any CPU = Debug|Any CPU
		Release|Any CPU = Release|Any CPU
	EndGlobalSection
	GlobalSection(ProjectConfigurationPlatforms) = postSolution
		{3601200F-CFC3-4022-A91A-526BECFCB617}.Debug|Any CPU.ActiveCfg = Debug|Any CPU
		{3601200F-CFC3-4022-A91A-526BECFCB617}.Debug|Any CPU.Build.0 = Debug|Any CPU
		{3601200F-CFC3-4022-A91A-526BECFCB617}.Release|Any CPU.ActiveCfg = Release|Any CPU
		{3601200F-CFC3-4022-A91A-526BECFCB617}.Release|Any CPU.Build.0 = Release|Any CPU
	EndGlobalSection
	GlobalSection(SolutionProperties) = preSolution
		HideSolutionNode = FALSE
	EndGlobalSection
	GlobalSection(ExtensibilityGlobals) = postSolution
		SolutionGuid = {A49E9590-10D8-4CCA-8B78-C4352B72DACD}
	EndGlobalSection
EndGlobal
